
Microsoft Visual Studio Solution File, Format Version 12.00
# Visual Studio Version 17
VisualStudioVersion = 17.0.32014.148
MinimumVisualStudioVersion = 10.0.40219.1
Project("{FAE04EC0-301F-11D3-BF4B-00C04F79EFBC}") = "FileWatcherSignalR", "FileWatcherSignalR\FileWatcherSignalR.csproj", "{07DB14E5-4836-43DE-B345-137D4744F146}"
EndProject
Project("{FAE04EC0-301F-11D3-BF4B-00C04F79EFBC}") = "FileWatcherConsole", "FileWatcherConsole\FileWatcherConsole.csproj", "{6562BAAB-9A04-4F51-886A-61A8AFD34D31}"
EndProject
Global
	GlobalSection(SolutionConfigurationPlatforms) = preSolution
		Debug|Any CPU = Debug|Any CPU
		Release|Any CPU = Release|Any CPU
	EndGlobalSection
	GlobalSection(ProjectConfigurationPlatforms) = postSolution
		{07DB14E5-4836-43DE-B345-137D4744F146}.Debug|Any CPU.ActiveCfg = Debug|Any CPU
		{07DB14E5-4836-43DE-B345-137D4744F146}.Debug|Any CPU.Build.0 = Debug|Any CPU
		{07DB14E5-4836-43DE-B345-137D4744F146}.Release|Any CPU.ActiveCfg = Release|Any CPU
		{07DB14E5-4836-43DE-B345-137D4744F146}.Release|Any CPU.Build.0 = Release|Any CPU
		{6562BAAB-9A04-4F51-886A-61A8AFD34D31}.Debug|Any CPU.ActiveCfg = Debug|Any CPU
		{6562BAAB-9A04-4F51-886A-61A8AFD34D31}.Debug|Any CPU.Build.0 = Debug|Any CPU
		{6562BAAB-9A04-4F51-886A-61A8AFD34D31}.Release|Any CPU.ActiveCfg = Release|Any CPU
		{6562BAAB-9A04-4F51-886A-61A8AFD34D31}.Release|Any CPU.Build.0 = Release|Any CPU
	EndGlobalSection
	GlobalSection(SolutionProperties) = preSolution
		HideSolutionNode = FALSE
	EndGlobalSection
	GlobalSection(ExtensibilityGlobals) = postSolution
		SolutionGuid = {48D2523F-BBEA-491E-B4AD-71BED49E0F22}
	EndGlobalSection
EndGlobal
